// !$*UTF8*$!
{
	archiveVersion = 1;
	classes = {
	};
	objectVersion = 46;
	objects = {

/* Begin PBXBuildFile section */
		0189A1E31CE05F9D00D0F0D8 /* UILabel+Pop.m in Sources */ = {isa = PBXBuildFile; fileRef = 0189A1E21CE05F9D00D0F0D8 /* UILabel+Pop.m */; };
		01ABFFC61BFF1A2400EEDF8C /* main.m in Sources */ = {isa = PBXBuildFile; fileRef = 01ABFFC51BFF1A2400EEDF8C /* main.m */; };
		01ABFFC91BFF1A2400EEDF8C /* AppDelegate.m in Sources */ = {isa = PBXBuildFile; fileRef = 01ABFFC81BFF1A2400EEDF8C /* AppDelegate.m */; };
		01ABFFCC1BFF1A2400EEDF8C /* ViewController.m in Sources */ = {isa = PBXBuildFile; fileRef = 01ABFFCB1BFF1A2400EEDF8C /* ViewController.m */; };
		01ABFFCF1BFF1A2400EEDF8C /* Main.storyboard in Resources */ = {isa = PBXBuildFile; fileRef = 01ABFFCD1BFF1A2400EEDF8C /* Main.storyboard */; };
		01ABFFD11BFF1A2400EEDF8C /* Assets.xcassets in Resources */ = {isa = PBXBuildFile; fileRef = 01ABFFD01BFF1A2400EEDF8C /* Assets.xcassets */; };
		01ABFFD41BFF1A2400EEDF8C /* LaunchScreen.storyboard in Resources */ = {isa = PBXBuildFile; fileRef = 01ABFFD21BFF1A2400EEDF8C /* LaunchScreen.storyboard */; };
		01ABFFEE1BFF1AD000EEDF8C /* ALAsset+Image.m in Sources */ = {isa = PBXBuildFile; fileRef = 01ABFFDE1BFF1AD000EEDF8C /* ALAsset+Image.m */; };
		01ABFFEF1BFF1AD000EEDF8C /* PHAsset+Image.m in Sources */ = {isa = PBXBuildFile; fileRef = 01ABFFE11BFF1AD000EEDF8C /* PHAsset+Image.m */; };
		01ABFFF01BFF1AD000EEDF8C /* UIImagePickerController+Authorization.m in Sources */ = {isa = PBXBuildFile; fileRef = 01ABFFE41BFF1AD000EEDF8C /* UIImagePickerController+Authorization.m */; };
		01ABFFF11BFF1AD000EEDF8C /* UINavigationBar+Separator_hidden.m in Sources */ = {isa = PBXBuildFile; fileRef = 01ABFFE71BFF1AD000EEDF8C /* UINavigationBar+Separator_hidden.m */; };
		01ABFFF21BFF1AD000EEDF8C /* UIToolbar+Separator_hidden.m in Sources */ = {isa = PBXBuildFile; fileRef = 01ABFFEA1BFF1AD000EEDF8C /* UIToolbar+Separator_hidden.m */; };
		01ABFFF31BFF1AD000EEDF8C /* UIViewController+Title.m in Sources */ = {isa = PBXBuildFile; fileRef = 01ABFFED1BFF1AD000EEDF8C /* UIViewController+Title.m */; };
		01C0C5EC1C02FDEE00E0BF99 /* UIImage+TintColor.m in Sources */ = {isa = PBXBuildFile; fileRef = 01C0C5EB1C02FDEE00E0BF99 /* UIImage+TintColor.m */; };
		01C6B7401C926CDB00320764 /* AXTableView.m in Sources */ = {isa = PBXBuildFile; fileRef = 01C6B73F1C926CDB00320764 /* AXTableView.m */; };
		01C6B7441C926F9600320764 /* AXCollectionView.m in Sources */ = {isa = PBXBuildFile; fileRef = 01C6B7431C926F9600320764 /* AXCollectionView.m */; };
		01C6B7471C9270CF00320764 /* AXScrollView.m in Sources */ = {isa = PBXBuildFile; fileRef = 01C6B7461C9270CF00320764 /* AXScrollView.m */; };
		01C6B74A1C92A69800320764 /* TableViewController.m in Sources */ = {isa = PBXBuildFile; fileRef = 01C6B7491C92A69800320764 /* TableViewController.m */; };
		01C6B74E1C92B37600320764 /* StringPlaceholderViewController.m in Sources */ = {isa = PBXBuildFile; fileRef = 01C6B74D1C92B37600320764 /* StringPlaceholderViewController.m */; };
		01E01FC41CCF5A0400529876 /* UIView+Extension.m in Sources */ = {isa = PBXBuildFile; fileRef = 01E01FC31CCF5A0400529876 /* UIView+Extension.m */; };
		2AA3DDCAF9767E59C1870553 /* libPods-AXExtensions.a in Frameworks */ = {isa = PBXBuildFile; fileRef = B17D84A957D6D23B97804BCF /* libPods-AXExtensions.a */; };
/* End PBXBuildFile section */

/* Begin PBXFileReference section */
		0189A1E11CE05F9D00D0F0D8 /* UILabel+Pop.h */ = {isa = PBXFileReference; fileEncoding = 4; lastKnownFileType = sourcecode.c.h; name = "UILabel+Pop.h"; path = "UILabel+Pop/UILabel+Pop.h"; sourceTree = "<group>"; };
		0189A1E21CE05F9D00D0F0D8 /* UILabel+Pop.m */ = {isa = PBXFileReference; fileEncoding = 4; lastKnownFileType = sourcecode.c.objc; name = "UILabel+Pop.m"; path = "UILabel+Pop/UILabel+Pop.m"; sourceTree = "<group>"; };
		01ABFFC11BFF1A2400EEDF8C /* AXExtensions.app */ = {isa = PBXFileReference; explicitFileType = wrapper.application; includeInIndex = 0; path = AXExtensions.app; sourceTree = BUILT_PRODUCTS_DIR; };
		01ABFFC51BFF1A2400EEDF8C /* main.m */ = {isa = PBXFileReference; lastKnownFileType = sourcecode.c.objc; path = main.m; sourceTree = "<group>"; };
		01ABFFC71BFF1A2400EEDF8C /* AppDelegate.h */ = {isa = PBXFileReference; lastKnownFileType = sourcecode.c.h; path = AppDelegate.h; sourceTree = "<group>"; };
		01ABFFC81BFF1A2400EEDF8C /* AppDelegate.m */ = {isa = PBXFileReference; lastKnownFileType = sourcecode.c.objc; path = AppDelegate.m; sourceTree = "<group>"; };
		01ABFFCA1BFF1A2400EEDF8C /* ViewController.h */ = {isa = PBXFileReference; lastKnownFileType = sourcecode.c.h; path = ViewController.h; sourceTree = "<group>"; };
		01ABFFCB1BFF1A2400EEDF8C /* ViewController.m */ = {isa = PBXFileReference; lastKnownFileType = sourcecode.c.objc; path = ViewController.m; sourceTree = "<group>"; };
		01ABFFCE1BFF1A2400EEDF8C /* Base */ = {isa = PBXFileReference; lastKnownFileType = file.storyboard; name = Base; path = Base.lproj/Main.storyboard; sourceTree = "<group>"; };
		01ABFFD01BFF1A2400EEDF8C /* Assets.xcassets */ = {isa = PBXFileReference; lastKnownFileType = folder.assetcatalog; path = Assets.xcassets; sourceTree = "<group>"; };
		01ABFFD31BFF1A2400EEDF8C /* Base */ = {isa = PBXFileReference; lastKnownFileType = file.storyboard; name = Base; path = Base.lproj/LaunchScreen.storyboard; sourceTree = "<group>"; };
		01ABFFD51BFF1A2400EEDF8C /* Info.plist */ = {isa = PBXFileReference; lastKnownFileType = text.plist.xml; path = Info.plist; sourceTree = "<group>"; };
		01ABFFDD1BFF1AD000EEDF8C /* ALAsset+Image.h */ = {isa = PBXFileReference; fileEncoding = 4; lastKnownFileType = sourcecode.c.h; path = "ALAsset+Image.h"; sourceTree = "<group>"; };
		01ABFFDE1BFF1AD000EEDF8C /* ALAsset+Image.m */ = {isa = PBXFileReference; fileEncoding = 4; lastKnownFileType = sourcecode.c.objc; path = "ALAsset+Image.m"; sourceTree = "<group>"; };
		01ABFFE01BFF1AD000EEDF8C /* PHAsset+Image.h */ = {isa = PBXFileReference; fileEncoding = 4; lastKnownFileType = sourcecode.c.h; path = "PHAsset+Image.h"; sourceTree = "<group>"; };
		01ABFFE11BFF1AD000EEDF8C /* PHAsset+Image.m */ = {isa = PBXFileReference; fileEncoding = 4; lastKnownFileType = sourcecode.c.objc; path = "PHAsset+Image.m"; sourceTree = "<group>"; };
		01ABFFE31BFF1AD000EEDF8C /* UIImagePickerController+Authorization.h */ = {isa = PBXFileReference; fileEncoding = 4; lastKnownFileType = sourcecode.c.h; path = "UIImagePickerController+Authorization.h"; sourceTree = "<group>"; };
		01ABFFE41BFF1AD000EEDF8C /* UIImagePickerController+Authorization.m */ = {isa = PBXFileReference; fileEncoding = 4; lastKnownFileType = sourcecode.c.objc; path = "UIImagePickerController+Authorization.m"; sourceTree = "<group>"; };
		01ABFFE61BFF1AD000EEDF8C /* UINavigationBar+Separator_hidden.h */ = {isa = PBXFileReference; fileEncoding = 4; lastKnownFileType = sourcecode.c.h; path = "UINavigationBar+Separator_hidden.h"; sourceTree = "<group>"; };
		01ABFFE71BFF1AD000EEDF8C /* UINavigationBar+Separator_hidden.m */ = {isa = PBXFileReference; fileEncoding = 4; lastKnownFileType = sourcecode.c.objc; path = "UINavigationBar+Separator_hidden.m"; sourceTree = "<group>"; };
		01ABFFE91BFF1AD000EEDF8C /* UIToolbar+Separator_hidden.h */ = {isa = PBXFileReference; fileEncoding = 4; lastKnownFileType = sourcecode.c.h; path = "UIToolbar+Separator_hidden.h"; sourceTree = "<group>"; };
		01ABFFEA1BFF1AD000EEDF8C /* UIToolbar+Separator_hidden.m */ = {isa = PBXFileReference; fileEncoding = 4; lastKnownFileType = sourcecode.c.objc; path = "UIToolbar+Separator_hidden.m"; sourceTree = "<group>"; };
		01ABFFEC1BFF1AD000EEDF8C /* UIViewController+Title.h */ = {isa = PBXFileReference; fileEncoding = 4; lastKnownFileType = sourcecode.c.h; path = "UIViewController+Title.h"; sourceTree = "<group>"; };
		01ABFFED1BFF1AD000EEDF8C /* UIViewController+Title.m */ = {isa = PBXFileReference; fileEncoding = 4; lastKnownFileType = sourcecode.c.objc; path = "UIViewController+Title.m"; sourceTree = "<group>"; };
		01C0C5EA1C02FDEE00E0BF99 /* UIImage+TintColor.h */ = {isa = PBXFileReference; fileEncoding = 4; lastKnownFileType = sourcecode.c.h; name = "UIImage+TintColor.h"; path = "UIImage+TintColor/UIImage+TintColor.h"; sourceTree = "<group>"; };
		01C0C5EB1C02FDEE00E0BF99 /* UIImage+TintColor.m */ = {isa = PBXFileReference; fileEncoding = 4; lastKnownFileType = sourcecode.c.objc; name = "UIImage+TintColor.m"; path = "UIImage+TintColor/UIImage+TintColor.m"; sourceTree = "<group>"; };
		01C6B73E1C926CDB00320764 /* AXTableView.h */ = {isa = PBXFileReference; fileEncoding = 4; lastKnownFileType = sourcecode.c.h; name = AXTableView.h; path = ScrollView/AXTableView.h; sourceTree = "<group>"; };
		01C6B73F1C926CDB00320764 /* AXTableView.m */ = {isa = PBXFileReference; fileEncoding = 4; lastKnownFileType = sourcecode.c.objc; name = AXTableView.m; path = ScrollView/AXTableView.m; sourceTree = "<group>"; };
		01C6B7421C926F9600320764 /* AXCollectionView.h */ = {isa = PBXFileReference; fileEncoding = 4; lastKnownFileType = sourcecode.c.h; name = AXCollectionView.h; path = ScrollView/AXCollectionView.h; sourceTree = "<group>"; };
		01C6B7431C926F9600320764 /* AXCollectionView.m */ = {isa = PBXFileReference; fileEncoding = 4; lastKnownFileType = sourcecode.c.objc; name = AXCollectionView.m; path = ScrollView/AXCollectionView.m; sourceTree = "<group>"; };
		01C6B7451C9270CF00320764 /* AXScrollView.h */ = {isa = PBXFileReference; fileEncoding = 4; lastKnownFileType = sourcecode.c.h; name = AXScrollView.h; path = ScrollView/AXScrollView.h; sourceTree = "<group>"; };
		01C6B7461C9270CF00320764 /* AXScrollView.m */ = {isa = PBXFileReference; fileEncoding = 4; lastKnownFileType = sourcecode.c.objc; name = AXScrollView.m; path = ScrollView/AXScrollView.m; sourceTree = "<group>"; };
		01C6B7481C92A69800320764 /* TableViewController.h */ = {isa = PBXFileReference; fileEncoding = 4; lastKnownFileType = sourcecode.c.h; name = TableViewController.h; path = TableViewController/TableViewController.h; sourceTree = "<group>"; };
		01C6B7491C92A69800320764 /* TableViewController.m */ = {isa = PBXFileReference; fileEncoding = 4; lastKnownFileType = sourcecode.c.objc; name = TableViewController.m; path = TableViewController/TableViewController.m; sourceTree = "<group>"; };
		01C6B74C1C92B37600320764 /* StringPlaceholderViewController.h */ = {isa = PBXFileReference; fileEncoding = 4; lastKnownFileType = sourcecode.c.h; name = StringPlaceholderViewController.h; path = TableViewController/StringPlaceholderViewController.h; sourceTree = "<group>"; };
		01C6B74D1C92B37600320764 /* StringPlaceholderViewController.m */ = {isa = PBXFileReference; fileEncoding = 4; lastKnownFileType = sourcecode.c.objc; name = StringPlaceholderViewController.m; path = TableViewController/StringPlaceholderViewController.m; sourceTree = "<group>"; };
		01E01FC21CCF5A0400529876 /* UIView+Extension.h */ = {isa = PBXFileReference; fileEncoding = 4; lastKnownFileType = sourcecode.c.h; name = "UIView+Extension.h"; path = "UIView+Extension/UIView+Extension.h"; sourceTree = "<group>"; };
		01E01FC31CCF5A0400529876 /* UIView+Extension.m */ = {isa = PBXFileReference; fileEncoding = 4; lastKnownFileType = sourcecode.c.objc; name = "UIView+Extension.m"; path = "UIView+Extension/UIView+Extension.m"; sourceTree = "<group>"; };
		8AF76FC482D1E9A8951B424A /* Pods-AXExtensions.release.xcconfig */ = {isa = PBXFileReference; includeInIndex = 1; lastKnownFileType = text.xcconfig; name = "Pods-AXExtensions.release.xcconfig"; path = "Pods/Target Support Files/Pods-AXExtensions/Pods-AXExtensions.release.xcconfig"; sourceTree = "<group>"; };
		9924344873C8080B39BDDC00 /* Pods-AXExtensions.debug.xcconfig */ = {isa = PBXFileReference; includeInIndex = 1; lastKnownFileType = text.xcconfig; name = "Pods-AXExtensions.debug.xcconfig"; path = "Pods/Target Support Files/Pods-AXExtensions/Pods-AXExtensions.debug.xcconfig"; sourceTree = "<group>"; };
		B17D84A957D6D23B97804BCF /* libPods-AXExtensions.a */ = {isa = PBXFileReference; explicitFileType = archive.ar; includeInIndex = 0; path = "libPods-AXExtensions.a"; sourceTree = BUILT_PRODUCTS_DIR; };
/* End PBXFileReference section */

/* Begin PBXFrameworksBuildPhase section */
		01ABFFBE1BFF1A2400EEDF8C /* Frameworks */ = {
			isa = PBXFrameworksBuildPhase;
			buildActionMask = 2147483647;
			files = (
				2AA3DDCAF9767E59C1870553 /* libPods-AXExtensions.a in Frameworks */,
			);
			runOnlyForDeploymentPostprocessing = 0;
		};
/* End PBXFrameworksBuildPhase section */

/* Begin PBXGroup section */
		0189A1E41CE05FA100D0F0D8 /* UILabel+Pop */ = {
			isa = PBXGroup;
			children = (
				0189A1E11CE05F9D00D0F0D8 /* UILabel+Pop.h */,
				0189A1E21CE05F9D00D0F0D8 /* UILabel+Pop.m */,
			);
			name = "UILabel+Pop";
			sourceTree = "<group>";
		};
		01ABFFB81BFF1A2400EEDF8C = {
			isa = PBXGroup;
			children = (
				01ABFFC31BFF1A2400EEDF8C /* AXExtensions */,
				01ABFFC21BFF1A2400EEDF8C /* Products */,
				30481B119734D566C1077637 /* Pods */,
				4CAE509B009D1906CB74F7E7 /* Frameworks */,
			);
			sourceTree = "<group>";
		};
		01ABFFC21BFF1A2400EEDF8C /* Products */ = {
			isa = PBXGroup;
			children = (
				01ABFFC11BFF1A2400EEDF8C /* AXExtensions.app */,
			);
			name = Products;
			sourceTree = "<group>";
		};
		01ABFFC31BFF1A2400EEDF8C /* AXExtensions */ = {
			isa = PBXGroup;
			children = (
				01ABFFC71BFF1A2400EEDF8C /* AppDelegate.h */,
				01ABFFC81BFF1A2400EEDF8C /* AppDelegate.m */,
				01ABFFCA1BFF1A2400EEDF8C /* ViewController.h */,
				01ABFFCB1BFF1A2400EEDF8C /* ViewController.m */,
				01C6B74B1C92A69B00320764 /* TableViewController */,
				01ABFFDB1BFF1AD000EEDF8C /* AXExtensions */,
				01ABFFCD1BFF1A2400EEDF8C /* Main.storyboard */,
				01ABFFD01BFF1A2400EEDF8C /* Assets.xcassets */,
				01ABFFD21BFF1A2400EEDF8C /* LaunchScreen.storyboard */,
				01ABFFD51BFF1A2400EEDF8C /* Info.plist */,
				01ABFFC41BFF1A2400EEDF8C /* Supporting Files */,
			);
			path = AXExtensions;
			sourceTree = "<group>";
		};
		01ABFFC41BFF1A2400EEDF8C /* Supporting Files */ = {
			isa = PBXGroup;
			children = (
				01ABFFC51BFF1A2400EEDF8C /* main.m */,
			);
			name = "Supporting Files";
			sourceTree = "<group>";
		};
		01ABFFDB1BFF1AD000EEDF8C /* AXExtensions */ = {
			isa = PBXGroup;
			children = (
				01ABFFDC1BFF1AD000EEDF8C /* ALAsset+Image */,
				01ABFFDF1BFF1AD000EEDF8C /* PHAsset+Image */,
				01ABFFE21BFF1AD000EEDF8C /* UIImagePickerController+Authorization */,
				01ABFFE51BFF1AD000EEDF8C /* UINavigationBar+Separator_hidden */,
				01ABFFE81BFF1AD000EEDF8C /* UIToolbar+Separator_hidden */,
				01ABFFEB1BFF1AD000EEDF8C /* UIViewController+Title */,
				01C0C5ED1C02FDF300E0BF99 /* UIImage+TintColor */,
				01C6B7411C926CE400320764 /* ScrollView */,
				01E01FC51CCF5A0800529876 /* UIView+Extension */,
				0189A1E41CE05FA100D0F0D8 /* UILabel+Pop */,
			);
			path = AXExtensions;
			sourceTree = "<group>";
		};
		01ABFFDC1BFF1AD000EEDF8C /* ALAsset+Image */ = {
			isa = PBXGroup;
			children = (
				01ABFFDD1BFF1AD000EEDF8C /* ALAsset+Image.h */,
				01ABFFDE1BFF1AD000EEDF8C /* ALAsset+Image.m */,
			);
			path = "ALAsset+Image";
			sourceTree = "<group>";
		};
		01ABFFDF1BFF1AD000EEDF8C /* PHAsset+Image */ = {
			isa = PBXGroup;
			children = (
				01ABFFE01BFF1AD000EEDF8C /* PHAsset+Image.h */,
				01ABFFE11BFF1AD000EEDF8C /* PHAsset+Image.m */,
			);
			path = "PHAsset+Image";
			sourceTree = "<group>";
		};
		01ABFFE21BFF1AD000EEDF8C /* UIImagePickerController+Authorization */ = {
			isa = PBXGroup;
			children = (
				01ABFFE31BFF1AD000EEDF8C /* UIImagePickerController+Authorization.h */,
				01ABFFE41BFF1AD000EEDF8C /* UIImagePickerController+Authorization.m */,
			);
			path = "UIImagePickerController+Authorization";
			sourceTree = "<group>";
		};
		01ABFFE51BFF1AD000EEDF8C /* UINavigationBar+Separator_hidden */ = {
			isa = PBXGroup;
			children = (
				01ABFFE61BFF1AD000EEDF8C /* UINavigationBar+Separator_hidden.h */,
				01ABFFE71BFF1AD000EEDF8C /* UINavigationBar+Separator_hidden.m */,
			);
			path = "UINavigationBar+Separator_hidden";
			sourceTree = "<group>";
		};
		01ABFFE81BFF1AD000EEDF8C /* UIToolbar+Separator_hidden */ = {
			isa = PBXGroup;
			children = (
				01ABFFE91BFF1AD000EEDF8C /* UIToolbar+Separator_hidden.h */,
				01ABFFEA1BFF1AD000EEDF8C /* UIToolbar+Separator_hidden.m */,
			);
			path = "UIToolbar+Separator_hidden";
			sourceTree = "<group>";
		};
		01ABFFEB1BFF1AD000EEDF8C /* UIViewController+Title */ = {
			isa = PBXGroup;
			children = (
				01ABFFEC1BFF1AD000EEDF8C /* UIViewController+Title.h */,
				01ABFFED1BFF1AD000EEDF8C /* UIViewController+Title.m */,
			);
			path = "UIViewController+Title";
			sourceTree = "<group>";
		};
		01C0C5ED1C02FDF300E0BF99 /* UIImage+TintColor */ = {
			isa = PBXGroup;
			children = (
				01C0C5EA1C02FDEE00E0BF99 /* UIImage+TintColor.h */,
				01C0C5EB1C02FDEE00E0BF99 /* UIImage+TintColor.m */,
			);
			name = "UIImage+TintColor";
			sourceTree = "<group>";
		};
		01C6B7411C926CE400320764 /* ScrollView */ = {
			isa = PBXGroup;
			children = (
				01C6B73E1C926CDB00320764 /* AXTableView.h */,
				01C6B73F1C926CDB00320764 /* AXTableView.m */,
				01C6B7451C9270CF00320764 /* AXScrollView.h */,
				01C6B7461C9270CF00320764 /* AXScrollView.m */,
				01C6B7421C926F9600320764 /* AXCollectionView.h */,
				01C6B7431C926F9600320764 /* AXCollectionView.m */,
			);
			name = ScrollView;
			sourceTree = "<group>";
		};
		01C6B74B1C92A69B00320764 /* TableViewController */ = {
			isa = PBXGroup;
			children = (
				01C6B7481C92A69800320764 /* TableViewController.h */,
				01C6B7491C92A69800320764 /* TableViewController.m */,
				01C6B74C1C92B37600320764 /* StringPlaceholderViewController.h */,
				01C6B74D1C92B37600320764 /* StringPlaceholderViewController.m */,
			);
			name = TableViewController;
			sourceTree = "<group>";
		};
		01E01FC51CCF5A0800529876 /* UIView+Extension */ = {
			isa = PBXGroup;
			children = (
				01E01FC21CCF5A0400529876 /* UIView+Extension.h */,
				01E01FC31CCF5A0400529876 /* UIView+Extension.m */,
			);
			name = "UIView+Extension";
			sourceTree = "<group>";
		};
		30481B119734D566C1077637 /* Pods */ = {
			isa = PBXGroup;
			children = (
				9924344873C8080B39BDDC00 /* Pods-AXExtensions.debug.xcconfig */,
				8AF76FC482D1E9A8951B424A /* Pods-AXExtensions.release.xcconfig */,
			);
			name = Pods;
			sourceTree = "<group>";
		};
		4CAE509B009D1906CB74F7E7 /* Frameworks */ = {
			isa = PBXGroup;
			children = (
				B17D84A957D6D23B97804BCF /* libPods-AXExtensions.a */,
			);
			name = Frameworks;
			sourceTree = "<group>";
		};
/* End PBXGroup section */

/* Begin PBXNativeTarget section */
		01ABFFC01BFF1A2400EEDF8C /* AXExtensions */ = {
			isa = PBXNativeTarget;
			buildConfigurationList = 01ABFFD81BFF1A2400EEDF8C /* Build configuration list for PBXNativeTarget "AXExtensions" */;
			buildPhases = (
				F45AC48A9977A60343878EB3 /* 📦 Check Pods Manifest.lock */,
				01ABFFBD1BFF1A2400EEDF8C /* Sources */,
				01ABFFBE1BFF1A2400EEDF8C /* Frameworks */,
				01ABFFBF1BFF1A2400EEDF8C /* Resources */,
				35D018D655FAC4ABB022BCA8 /* 📦 Embed Pods Frameworks */,
				AE3AF9F9B2D3C1243B97EA70 /* 📦 Copy Pods Resources */,
			);
			buildRules = (
			);
			dependencies = (
			);
			name = AXExtensions;
			productName = AXExtensions;
			productReference = 01ABFFC11BFF1A2400EEDF8C /* AXExtensions.app */;
			productType = "com.apple.product-type.application";
		};
/* End PBXNativeTarget section */

/* Begin PBXProject section */
		01ABFFB91BFF1A2400EEDF8C /* Project object */ = {
			isa = PBXProject;
			attributes = {
				LastUpgradeCheck = 0710;
				ORGANIZATIONNAME = AiXing;
				TargetAttributes = {
					01ABFFC01BFF1A2400EEDF8C = {
						CreatedOnToolsVersion = 7.1.1;
					};
				};
			};
			buildConfigurationList = 01ABFFBC1BFF1A2400EEDF8C /* Build configuration list for PBXProject "AXExtensions" */;
			compatibilityVersion = "Xcode 3.2";
			developmentRegion = English;
			hasScannedForEncodings = 0;
			knownRegions = (
				en,
				Base,
			);
			mainGroup = 01ABFFB81BFF1A2400EEDF8C;
			productRefGroup = 01ABFFC21BFF1A2400EEDF8C /* Products */;
			projectDirPath = "";
			projectRoot = "";
			targets = (
				01ABFFC01BFF1A2400EEDF8C /* AXExtensions */,
			);
		};
/* End PBXProject section */

/* Begin PBXResourcesBuildPhase section */
		01ABFFBF1BFF1A2400EEDF8C /* Resources */ = {
			isa = PBXResourcesBuildPhase;
			buildActionMask = 2147483647;
			files = (
				01ABFFD41BFF1A2400EEDF8C /* LaunchScreen.storyboard in Resources */,
				01ABFFD11BFF1A2400EEDF8C /* Assets.xcassets in Resources */,
				01ABFFCF1BFF1A2400EEDF8C /* Main.storyboard in Resources */,
			);
			runOnlyForDeploymentPostprocessing = 0;
		};
/* End PBXResourcesBuildPhase section */

/* Begin PBXShellScriptBuildPhase section */
		35D018D655FAC4ABB022BCA8 /* 📦 Embed Pods Frameworks */ = {
			isa = PBXShellScriptBuildPhase;
			buildActionMask = 2147483647;
			files = (
			);
			inputPaths = (
			);
			name = "📦 Embed Pods Frameworks";
			outputPaths = (
			);
			runOnlyForDeploymentPostprocessing = 0;
			shellPath = /bin/sh;
			shellScript = "\"${SRCROOT}/Pods/Target Support Files/Pods-AXExtensions/Pods-AXExtensions-frameworks.sh\"\n";
			showEnvVarsInLog = 0;
		};
		AE3AF9F9B2D3C1243B97EA70 /* 📦 Copy Pods Resources */ = {
			isa = PBXShellScriptBuildPhase;
			buildActionMask = 2147483647;
			files = (
			);
			inputPaths = (
			);
			name = "📦 Copy Pods Resources";
			outputPaths = (
			);
			runOnlyForDeploymentPostprocessing = 0;
			shellPath = /bin/sh;
			shellScript = "\"${SRCROOT}/Pods/Target Support Files/Pods-AXExtensions/Pods-AXExtensions-resources.sh\"\n";
			showEnvVarsInLog = 0;
		};
		F45AC48A9977A60343878EB3 /* 📦 Check Pods Manifest.lock */ = {
			isa = PBXShellScriptBuildPhase;
			buildActionMask = 2147483647;
			files = (
			);
			inputPaths = (
			);
			name = "📦 Check Pods Manifest.lock";
			outputPaths = (
			);
			runOnlyForDeploymentPostprocessing = 0;
			shellPath = /bin/sh;
			shellScript = "diff \"${PODS_ROOT}/../Podfile.lock\" \"${PODS_ROOT}/Manifest.lock\" > /dev/null\nif [[ $? != 0 ]] ; then\n    cat << EOM\nerror: The sandbox is not in sync with the Podfile.lock. Run 'pod install' or update your CocoaPods installation.\nEOM\n    exit 1\nfi\n";
			showEnvVarsInLog = 0;
		};
/* End PBXShellScriptBuildPhase section */

/* Begin PBXSourcesBuildPhase section */
		01ABFFBD1BFF1A2400EEDF8C /* Sources */ = {
			isa = PBXSourcesBuildPhase;
			buildActionMask = 2147483647;
			files = (
				01ABFFCC1BFF1A2400EEDF8C /* ViewController.m in Sources */,
				01C6B7471C9270CF00320764 /* AXScrollView.m in Sources */,
				01ABFFF01BFF1AD000EEDF8C /* UIImagePickerController+Authorization.m in Sources */,
				01ABFFEE1BFF1AD000EEDF8C /* ALAsset+Image.m in Sources */,
				01C6B7401C926CDB00320764 /* AXTableView.m in Sources */,
				01C6B74A1C92A69800320764 /* TableViewController.m in Sources */,
				0189A1E31CE05F9D00D0F0D8 /* UILabel+Pop.m in Sources */,
				01ABFFC91BFF1A2400EEDF8C /* AppDelegate.m in Sources */,
				01C0C5EC1C02FDEE00E0BF99 /* UIImage+TintColor.m in Sources */,
				01ABFFF31BFF1AD000EEDF8C /* UIViewController+Title.m in Sources */,
				01ABFFC61BFF1A2400EEDF8C /* main.m in Sources */,
				01ABFFEF1BFF1AD000EEDF8C /* PHAsset+Image.m in Sources */,
				01C6B7441C926F9600320764 /* AXCollectionView.m in Sources */,
				01ABFFF11BFF1AD000EEDF8C /* UINavigationBar+Separator_hidden.m in Sources */,
				01C6B74E1C92B37600320764 /* StringPlaceholderViewController.m in Sources */,
				01E01FC41CCF5A0400529876 /* UIView+Extension.m in Sources */,
				01ABFFF21BFF1AD000EEDF8C /* UIToolbar+Separator_hidden.m in Sources */,
			);
			runOnlyForDeploymentPostprocessing = 0;
		};
/* End PBXSourcesBuildPhase section */

/* Begin PBXVariantGroup section */
		01ABFFCD1BFF1A2400EEDF8C /* Main.storyboard */ = {
			isa = PBXVariantGroup;
			children = (
				01ABFFCE1BFF1A2400EEDF8C /* Base */,
			);
			name = Main.storyboard;
			sourceTree = "<group>";
		};
		01ABFFD21BFF1A2400EEDF8C /* LaunchScreen.storyboard */ = {
			isa = PBXVariantGroup;
			children = (
				01ABFFD31BFF1A2400EEDF8C /* Base */,
			);
			name = LaunchScreen.storyboard;
			sourceTree = "<group>";
		};
/* End PBXVariantGroup section */

/* Begin XCBuildConfiguration section */
		01ABFFD61BFF1A2400EEDF8C /* Debug */ = {
			isa = XCBuildConfiguration;
			buildSettings = {
				ALWAYS_SEARCH_USER_PATHS = NO;
				CLANG_CXX_LANGUAGE_STANDARD = "gnu++0x";
				CLANG_CXX_LIBRARY = "libc++";
				CLANG_ENABLE_MODULES = YES;
				CLANG_ENABLE_OBJC_ARC = YES;
				CLANG_WARN_BOOL_CONVERSION = YES;
				CLANG_WARN_CONSTANT_CONVERSION = YES;
				CLANG_WARN_DIRECT_OBJC_ISA_USAGE = YES_ERROR;
				CLANG_WARN_EMPTY_BODY = YES;
				CLANG_WARN_ENUM_CONVERSION = YES;
				CLANG_WARN_INT_CONVERSION = YES;
				CLANG_WARN_OBJC_ROOT_CLASS = YES_ERROR;
				CLANG_WARN_UNREACHABLE_CODE = YES;
				CLANG_WARN__DUPLICATE_METHOD_MATCH = YES;
				"CODE_SIGN_IDENTITY[sdk=iphoneos*]" = "iPhone Developer";
				COPY_PHASE_STRIP = NO;
				DEBUG_INFORMATION_FORMAT = dwarf;
				ENABLE_STRICT_OBJC_MSGSEND = YES;
				ENABLE_TESTABILITY = YES;
				GCC_C_LANGUAGE_STANDARD = gnu99;
				GCC_DYNAMIC_NO_PIC = NO;
				GCC_NO_COMMON_BLOCKS = YES;
				GCC_OPTIMIZATION_LEVEL = 0;
				GCC_PREPROCESSOR_DEFINITIONS = (
					"DEBUG=1",
					"$(inherited)",
				);
				GCC_WARN_64_TO_32_BIT_CONVERSION = YES;
				GCC_WARN_ABOUT_RETURN_TYPE = YES_ERROR;
				GCC_WARN_UNDECLARED_SELECTOR = YES;
				GCC_WARN_UNINITIALIZED_AUTOS = YES_AGGRESSIVE;
				GCC_WARN_UNUSED_FUNCTION = YES;
				GCC_WARN_UNUSED_VARIABLE = YES;
				IPHONEOS_DEPLOYMENT_TARGET = 9.1;
				MTL_ENABLE_DEBUG_INFO = YES;
				ONLY_ACTIVE_ARCH = YES;
				SDKROOT = iphoneos;
			};
			name = Debug;
		};
		01ABFFD71BFF1A2400EEDF8C /* Release */ = {
			isa = XCBuildConfiguration;
			buildSettings = {
				ALWAYS_SEARCH_USER_PATHS = NO;
				CLANG_CXX_LANGUAGE_STANDARD = "gnu++0x";
				CLANG_CXX_LIBRARY = "libc++";
				CLANG_ENABLE_MODULES = YES;
				CLANG_ENABLE_OBJC_ARC = YES;
				CLANG_WARN_BOOL_CONVERSION = YES;
				CLANG_WARN_CONSTANT_CONVERSION = YES;
				CLANG_WARN_DIRECT_OBJC_ISA_USAGE = YES_ERROR;
				CLANG_WARN_EMPTY_BODY = YES;
				CLANG_WARN_ENUM_CONVERSION = YES;
				CLANG_WARN_INT_CONVERSION = YES;
				CLANG_WARN_OBJC_ROOT_CLASS = YES_ERROR;
				CLANG_WARN_UNREACHABLE_CODE = YES;
				CLANG_WARN__DUPLICATE_METHOD_MATCH = YES;
				"CODE_SIGN_IDENTITY[sdk=iphoneos*]" = "iPhone Developer";
				COPY_PHASE_STRIP = NO;
				DEBUG_INFORMATION_FORMAT = "dwarf-with-dsym";
				ENABLE_NS_ASSERTIONS = NO;
				ENABLE_STRICT_OBJC_MSGSEND = YES;
				GCC_C_LANGUAGE_STANDARD = gnu99;
				GCC_NO_COMMON_BLOCKS = YES;
				GCC_WARN_64_TO_32_BIT_CONVERSION = YES;
				GCC_WARN_ABOUT_RETURN_TYPE = YES_ERROR;
				GCC_WARN_UNDECLARED_SELECTOR = YES;
				GCC_WARN_UNINITIALIZED_AUTOS = YES_AGGRESSIVE;
				GCC_WARN_UNUSED_FUNCTION = YES;
				GCC_WARN_UNUSED_VARIABLE = YES;
				IPHONEOS_DEPLOYMENT_TARGET = 9.1;
				MTL_ENABLE_DEBUG_INFO = NO;
				SDKROOT = iphoneos;
				VALIDATE_PRODUCT = YES;
			};
			name = Release;
		};
		01ABFFD91BFF1A2400EEDF8C /* Debug */ = {
			isa = XCBuildConfiguration;
			baseConfigurationReference = 9924344873C8080B39BDDC00 /* Pods-AXExtensions.debug.xcconfig */;
			buildSettings = {
				ASSETCATALOG_COMPILER_APPICON_NAME = AppIcon;
				INFOPLIST_FILE = AXExtensions/Info.plist;
				LD_RUNPATH_SEARCH_PATHS = "$(inherited) @executable_path/Frameworks";
				PRODUCT_BUNDLE_IDENTIFIER = KEEPStudio.AXExtensions;
				PRODUCT_NAME = "$(TARGET_NAME)";
			};
			name = Debug;
		};
		01ABFFDA1BFF1A2400EEDF8C /* Release */ = {
			isa = XCBuildConfiguration;
			baseConfigurationReference = 8AF76FC482D1E9A8951B424A /* Pods-AXExtensions.release.xcconfig */;
			buildSettings = {
				ASSETCATALOG_COMPILER_APPICON_NAME = AppIcon;
				INFOPLIST_FILE = AXExtensions/Info.plist;
				LD_RUNPATH_SEARCH_PATHS = "$(inherited) @executable_path/Frameworks";
				PRODUCT_BUNDLE_IDENTIFIER = KEEPStudio.AXExtensions;
				PRODUCT_NAME = "$(TARGET_NAME)";
			};
			name = Release;
		};
/* End XCBuildConfiguration section */

/* Begin XCConfigurationList section */
		01ABFFBC1BFF1A2400EEDF8C /* Build configuration list for PBXProject "AXExtensions" */ = {
			isa = XCConfigurationList;
			buildConfigurations = (
				01ABFFD61BFF1A2400EEDF8C /* Debug */,
				01ABFFD71BFF1A2400EEDF8C /* Release */,
			);
			defaultConfigurationIsVisible = 0;
			defaultConfigurationName = Release;
		};
		01ABFFD81BFF1A2400EEDF8C /* Build configuration list for PBXNativeTarget "AXExtensions" */ = {
			isa = XCConfigurationList;
			buildConfigurations = (
				01ABFFD91BFF1A2400EEDF8C /* Debug */,
				01ABFFDA1BFF1A2400EEDF8C /* Release */,
			);
			defaultConfigurationIsVisible = 0;
			defaultConfigurationName = Release;
		};
/* End XCConfigurationList section */
	};
	rootObject = 01ABFFB91BFF1A2400EEDF8C /* Project object */;
}
